// !$*UTF8*$!
{
	archiveVersion = 1;
	classes = {
	};
	objectVersion = 55;
	objects = {

/* Begin PBXBuildFile section */
		74518A72280B154E00DAC8E4 /* WordleBotApp.swift in Sources */ = {isa = PBXBuildFile; fileRef = 74518A71280B154E00DAC8E4 /* WordleBotApp.swift */; };
		74518A74280B154E00DAC8E4 /* WordleBotView.swift in Sources */ = {isa = PBXBuildFile; fileRef = 74518A73280B154E00DAC8E4 /* WordleBotView.swift */; };
		74518A76280B154F00DAC8E4 /* Assets.xcassets in Resources */ = {isa = PBXBuildFile; fileRef = 74518A75280B154F00DAC8E4 /* Assets.xcassets */; };
		74518A79280B154F00DAC8E4 /* Preview Assets.xcassets in Resources */ = {isa = PBXBuildFile; fileRef = 74518A78280B154F00DAC8E4 /* Preview Assets.xcassets */; };
		74518A80280B156A00DAC8E4 /* WordleBot.swift in Sources */ = {isa = PBXBuildFile; fileRef = 74518A7F280B156A00DAC8E4 /* WordleBot.swift */; };
		74518A82280B157200DAC8E4 /* WordleBotViewController.swift in Sources */ = {isa = PBXBuildFile; fileRef = 74518A81280B157200DAC8E4 /* WordleBotViewController.swift */; };
		74518A84280C8C6900DAC8E4 /* wordle_profiles_set23a_words5_loop1.json in Resources */ = {isa = PBXBuildFile; fileRef = 74518A83280C8C6800DAC8E4 /* wordle_profiles_set23a_words5_loop1.json */; };
		74DBE1A22811D5F100AEE859 /* dict_freq.json in Resources */ = {isa = PBXBuildFile; fileRef = 74DBE1A12811D5F100AEE859 /* dict_freq.json */; };
		74DBE1A4281233A200AEE859 /* wordle_profiles_set23b_words5_loop1.json in Resources */ = {isa = PBXBuildFile; fileRef = 74DBE1A3281233A200AEE859 /* wordle_profiles_set23b_words5_loop1.json */; };
		74DBE1A6281233AA00AEE859 /* wordle_profiles_set23c_words5_loop1.json in Resources */ = {isa = PBXBuildFile; fileRef = 74DBE1A5281233AA00AEE859 /* wordle_profiles_set23c_words5_loop1.json */; };
		74DBE1A8281233B200AEE859 /* wordle_profiles_set23d_words5_loop1.json in Resources */ = {isa = PBXBuildFile; fileRef = 74DBE1A7281233B200AEE859 /* wordle_profiles_set23d_words5_loop1.json */; };
		74DBE1AA281233BA00AEE859 /* wordle_profiles_set23e_words5_loop1.json in Resources */ = {isa = PBXBuildFile; fileRef = 74DBE1A9281233BA00AEE859 /* wordle_profiles_set23e_words5_loop1.json */; };
		74DBE1AC281233C100AEE859 /* wordle_profiles_set24a_words5_loop1.json in Resources */ = {isa = PBXBuildFile; fileRef = 74DBE1AB281233C100AEE859 /* wordle_profiles_set24a_words5_loop1.json */; };
		74DBE1AE281233CA00AEE859 /* wordle_profiles_set24b_words5_loop1.json in Resources */ = {isa = PBXBuildFile; fileRef = 74DBE1AD281233CA00AEE859 /* wordle_profiles_set24b_words5_loop1.json */; };
		74DBE1B0281233D100AEE859 /* wordle_profiles_set24c_words5_loop1.json in Resources */ = {isa = PBXBuildFile; fileRef = 74DBE1AF281233D100AEE859 /* wordle_profiles_set24c_words5_loop1.json */; };
		74DBE1B2281233D800AEE859 /* wordle_profiles_set25a_words5_loop1.json in Resources */ = {isa = PBXBuildFile; fileRef = 74DBE1B1281233D800AEE859 /* wordle_profiles_set25a_words5_loop1.json */; };
		74DBE1B4281233E000AEE859 /* wordle_profiles_set25b_words5_loop1.json in Resources */ = {isa = PBXBuildFile; fileRef = 74DBE1B3281233E000AEE859 /* wordle_profiles_set25b_words5_loop1.json */; };
		74DBE1CE28147C6000AEE859 /* letter_pos_count_large_sample.csv in Resources */ = {isa = PBXBuildFile; fileRef = 74DBE1CD28147C6000AEE859 /* letter_pos_count_large_sample.csv */; };
		74DBE1D028149CF200AEE859 /* combinedDictionary.csv in Resources */ = {isa = PBXBuildFile; fileRef = 74DBE1CF28149CF200AEE859 /* combinedDictionary.csv */; };
		74DBE1D228149D2800AEE859 /* answers.csv in Resources */ = {isa = PBXBuildFile; fileRef = 74DBE1D128149D2800AEE859 /* answers.csv */; };
/* End PBXBuildFile section */

/* Begin PBXFileReference section */
		74518A6E280B154E00DAC8E4 /* WordleBot.app */ = {isa = PBXFileReference; explicitFileType = wrapper.application; includeInIndex = 0; path = WordleBot.app; sourceTree = BUILT_PRODUCTS_DIR; };
		74518A71280B154E00DAC8E4 /* WordleBotApp.swift */ = {isa = PBXFileReference; lastKnownFileType = sourcecode.swift; path = WordleBotApp.swift; sourceTree = "<group>"; };
		74518A73280B154E00DAC8E4 /* WordleBotView.swift */ = {isa = PBXFileReference; lastKnownFileType = sourcecode.swift; path = WordleBotView.swift; sourceTree = "<group>"; };
		74518A75280B154F00DAC8E4 /* Assets.xcassets */ = {isa = PBXFileReference; lastKnownFileType = folder.assetcatalog; path = Assets.xcassets; sourceTree = "<group>"; };
		74518A78280B154F00DAC8E4 /* Preview Assets.xcassets */ = {isa = PBXFileReference; lastKnownFileType = folder.assetcatalog; path = "Preview Assets.xcassets"; sourceTree = "<group>"; };
		74518A7F280B156A00DAC8E4 /* WordleBot.swift */ = {isa = PBXFileReference; lastKnownFileType = sourcecode.swift; path = WordleBot.swift; sourceTree = "<group>"; };
		74518A81280B157200DAC8E4 /* WordleBotViewController.swift */ = {isa = PBXFileReference; lastKnownFileType = sourcecode.swift; path = WordleBotViewController.swift; sourceTree = "<group>"; };
		74518A83280C8C6800DAC8E4 /* wordle_profiles_set23a_words5_loop1.json */ = {isa = PBXFileReference; fileEncoding = 4; lastKnownFileType = text.json; path = wordle_profiles_set23a_words5_loop1.json; sourceTree = "<group>"; };
		74DBE1A12811D5F100AEE859 /* dict_freq.json */ = {isa = PBXFileReference; lastKnownFileType = text.json; path = dict_freq.json; sourceTree = "<group>"; };
		74DBE1A3281233A200AEE859 /* wordle_profiles_set23b_words5_loop1.json */ = {isa = PBXFileReference; fileEncoding = 4; lastKnownFileType = text.json; path = wordle_profiles_set23b_words5_loop1.json; sourceTree = "<group>"; };
		74DBE1A5281233AA00AEE859 /* wordle_profiles_set23c_words5_loop1.json */ = {isa = PBXFileReference; fileEncoding = 4; lastKnownFileType = text.json; path = wordle_profiles_set23c_words5_loop1.json; sourceTree = "<group>"; };
		74DBE1A7281233B200AEE859 /* wordle_profiles_set23d_words5_loop1.json */ = {isa = PBXFileReference; fileEncoding = 4; lastKnownFileType = text.json; path = wordle_profiles_set23d_words5_loop1.json; sourceTree = "<group>"; };
		74DBE1A9281233BA00AEE859 /* wordle_profiles_set23e_words5_loop1.json */ = {isa = PBXFileReference; fileEncoding = 4; lastKnownFileType = text.json; path = wordle_profiles_set23e_words5_loop1.json; sourceTree = "<group>"; };
		74DBE1AB281233C100AEE859 /* wordle_profiles_set24a_words5_loop1.json */ = {isa = PBXFileReference; fileEncoding = 4; lastKnownFileType = text.json; path = wordle_profiles_set24a_words5_loop1.json; sourceTree = "<group>"; };
		74DBE1AD281233CA00AEE859 /* wordle_profiles_set24b_words5_loop1.json */ = {isa = PBXFileReference; fileEncoding = 4; lastKnownFileType = text.json; path = wordle_profiles_set24b_words5_loop1.json; sourceTree = "<group>"; };
		74DBE1AF281233D100AEE859 /* wordle_profiles_set24c_words5_loop1.json */ = {isa = PBXFileReference; fileEncoding = 4; lastKnownFileType = text.json; path = wordle_profiles_set24c_words5_loop1.json; sourceTree = "<group>"; };
		74DBE1B1281233D800AEE859 /* wordle_profiles_set25a_words5_loop1.json */ = {isa = PBXFileReference; fileEncoding = 4; lastKnownFileType = text.json; path = wordle_profiles_set25a_words5_loop1.json; sourceTree = "<group>"; };
		74DBE1B3281233E000AEE859 /* wordle_profiles_set25b_words5_loop1.json */ = {isa = PBXFileReference; fileEncoding = 4; lastKnownFileType = text.json; path = wordle_profiles_set25b_words5_loop1.json; sourceTree = "<group>"; };
		74DBE1CD28147C6000AEE859 /* letter_pos_count_large_sample.csv */ = {isa = PBXFileReference; fileEncoding = 4; lastKnownFileType = text; name = letter_pos_count_large_sample.csv; path = ../../data/letter_pos_count_large_sample.csv; sourceTree = "<group>"; };
		74DBE1CF28149CF200AEE859 /* combinedDictionary.csv */ = {isa = PBXFileReference; lastKnownFileType = text; path = combinedDictionary.csv; sourceTree = "<group>"; };
		74DBE1D128149D2800AEE859 /* answers.csv */ = {isa = PBXFileReference; lastKnownFileType = text; path = answers.csv; sourceTree = "<group>"; };
/* End PBXFileReference section */

/* Begin PBXFrameworksBuildPhase section */
		74518A6B280B154E00DAC8E4 /* Frameworks */ = {
			isa = PBXFrameworksBuildPhase;
			buildActionMask = 2147483647;
			files = (
			);
			runOnlyForDeploymentPostprocessing = 0;
		};
/* End PBXFrameworksBuildPhase section */

/* Begin PBXGroup section */
		74518A65280B154E00DAC8E4 = {
			isa = PBXGroup;
			children = (
				74518A70280B154E00DAC8E4 /* WordleBot */,
				74518A6F280B154E00DAC8E4 /* Products */,
			);
			sourceTree = "<group>";
		};
		74518A6F280B154E00DAC8E4 /* Products */ = {
			isa = PBXGroup;
			children = (
				74518A6E280B154E00DAC8E4 /* WordleBot.app */,
			);
			name = Products;
			sourceTree = "<group>";
		};
		74518A70280B154E00DAC8E4 /* WordleBot */ = {
			isa = PBXGroup;
			children = (
				74518A71280B154E00DAC8E4 /* WordleBotApp.swift */,
				74518A73280B154E00DAC8E4 /* WordleBotView.swift */,
				74518A81280B157200DAC8E4 /* WordleBotViewController.swift */,
				74518A7F280B156A00DAC8E4 /* WordleBot.swift */,
				74518A83280C8C6800DAC8E4 /* wordle_profiles_set23a_words5_loop1.json */,
				74DBE1A3281233A200AEE859 /* wordle_profiles_set23b_words5_loop1.json */,
				74DBE1A5281233AA00AEE859 /* wordle_profiles_set23c_words5_loop1.json */,
				74DBE1A7281233B200AEE859 /* wordle_profiles_set23d_words5_loop1.json */,
				74DBE1A9281233BA00AEE859 /* wordle_profiles_set23e_words5_loop1.json */,
				74DBE1AB281233C100AEE859 /* wordle_profiles_set24a_words5_loop1.json */,
				74DBE1AD281233CA00AEE859 /* wordle_profiles_set24b_words5_loop1.json */,
				74DBE1AF281233D100AEE859 /* wordle_profiles_set24c_words5_loop1.json */,
				74DBE1B1281233D800AEE859 /* wordle_profiles_set25a_words5_loop1.json */,
				74DBE1B3281233E000AEE859 /* wordle_profiles_set25b_words5_loop1.json */,
				74DBE1A12811D5F100AEE859 /* dict_freq.json */,
				74DBE1CD28147C6000AEE859 /* letter_pos_count_large_sample.csv */,
				74DBE1D128149D2800AEE859 /* answers.csv */,
				74DBE1CF28149CF200AEE859 /* combinedDictionary.csv */,
				74518A75280B154F00DAC8E4 /* Assets.xcassets */,
				74518A77280B154F00DAC8E4 /* Preview Content */,
			);
			path = WordleBot;
			sourceTree = "<group>";
		};
		74518A77280B154F00DAC8E4 /* Preview Content */ = {
			isa = PBXGroup;
			children = (
				74518A78280B154F00DAC8E4 /* Preview Assets.xcassets */,
			);
			path = "Preview Content";
			sourceTree = "<group>";
		};
/* End PBXGroup section */

/* Begin PBXNativeTarget section */
		74518A6D280B154E00DAC8E4 /* WordleBot */ = {
			isa = PBXNativeTarget;
			buildConfigurationList = 74518A7C280B154F00DAC8E4 /* Build configuration list for PBXNativeTarget "WordleBot" */;
			buildPhases = (
				74518A6A280B154E00DAC8E4 /* Sources */,
				74518A6B280B154E00DAC8E4 /* Frameworks */,
				74518A6C280B154E00DAC8E4 /* Resources */,
			);
			buildRules = (
			);
			dependencies = (
			);
			name = WordleBot;
			productName = WordleBot;
			productReference = 74518A6E280B154E00DAC8E4 /* WordleBot.app */;
			productType = "com.apple.product-type.application";
		};
/* End PBXNativeTarget section */

/* Begin PBXProject section */
		74518A66280B154E00DAC8E4 /* Project object */ = {
			isa = PBXProject;
			attributes = {
				BuildIndependentTargetsInParallel = 1;
				LastSwiftUpdateCheck = 1330;
				LastUpgradeCheck = 1330;
				TargetAttributes = {
					74518A6D280B154E00DAC8E4 = {
						CreatedOnToolsVersion = 13.3.1;
					};
				};
			};
			buildConfigurationList = 74518A69280B154E00DAC8E4 /* Build configuration list for PBXProject "WordleBot" */;
			compatibilityVersion = "Xcode 13.0";
			developmentRegion = en;
			hasScannedForEncodings = 0;
			knownRegions = (
				en,
				Base,
			);
			mainGroup = 74518A65280B154E00DAC8E4;
			productRefGroup = 74518A6F280B154E00DAC8E4 /* Products */;
			projectDirPath = "";
			projectRoot = "";
			targets = (
				74518A6D280B154E00DAC8E4 /* WordleBot */,
			);
		};
/* End PBXProject section */

/* Begin PBXResourcesBuildPhase section */
		74518A6C280B154E00DAC8E4 /* Resources */ = {
			isa = PBXResourcesBuildPhase;
			buildActionMask = 2147483647;
			files = (
				74DBE1B2281233D800AEE859 /* wordle_profiles_set25a_words5_loop1.json in Resources */,
				74DBE1CE28147C6000AEE859 /* letter_pos_count_large_sample.csv in Resources */,
				74DBE1D028149CF200AEE859 /* combinedDictionary.csv in Resources */,
				74DBE1A22811D5F100AEE859 /* dict_freq.json in Resources */,
				74DBE1A4281233A200AEE859 /* wordle_profiles_set23b_words5_loop1.json in Resources */,
				74DBE1B4281233E000AEE859 /* wordle_profiles_set25b_words5_loop1.json in Resources */,
				74DBE1A6281233AA00AEE859 /* wordle_profiles_set23c_words5_loop1.json in Resources */,
				74518A84280C8C6900DAC8E4 /* wordle_profiles_set23a_words5_loop1.json in Resources */,
				74DBE1D228149D2800AEE859 /* answers.csv in Resources */,
				74DBE1B0281233D100AEE859 /* wordle_profiles_set24c_words5_loop1.json in Resources */,
				74518A79280B154F00DAC8E4 /* Preview Assets.xcassets in Resources */,
				74DBE1AC281233C100AEE859 /* wordle_profiles_set24a_words5_loop1.json in Resources */,
				74DBE1AE281233CA00AEE859 /* wordle_profiles_set24b_words5_loop1.json in Resources */,
				74518A76280B154F00DAC8E4 /* Assets.xcassets in Resources */,
				74DBE1AA281233BA00AEE859 /* wordle_profiles_set23e_words5_loop1.json in Resources */,
				74DBE1A8281233B200AEE859 /* wordle_profiles_set23d_words5_loop1.json in Resources */,
			);
			runOnlyForDeploymentPostprocessing = 0;
		};
/* End PBXResourcesBuildPhase section */

/* Begin PBXSourcesBuildPhase section */
		74518A6A280B154E00DAC8E4 /* Sources */ = {
			isa = PBXSourcesBuildPhase;
			buildActionMask = 2147483647;
			files = (
				74518A74280B154E00DAC8E4 /* WordleBotView.swift in Sources */,
				74518A82280B157200DAC8E4 /* WordleBotViewController.swift in Sources */,
				74518A80280B156A00DAC8E4 /* WordleBot.swift in Sources */,
				74518A72280B154E00DAC8E4 /* WordleBotApp.swift in Sources */,
			);
			runOnlyForDeploymentPostprocessing = 0;
		};
/* End PBXSourcesBuildPhase section */

/* Begin XCBuildConfiguration section */
		74518A7A280B154F00DAC8E4 /* Debug */ = {
			isa = XCBuildConfiguration;
			buildSettings = {
				ALWAYS_SEARCH_USER_PATHS = NO;
				CLANG_ANALYZER_NONNULL = YES;
				CLANG_ANALYZER_NUMBER_OBJECT_CONVERSION = YES_AGGRESSIVE;
				CLANG_CXX_LANGUAGE_STANDARD = "gnu++17";
				CLANG_ENABLE_MODULES = YES;
				CLANG_ENABLE_OBJC_ARC = YES;
				CLANG_ENABLE_OBJC_WEAK = YES;
				CLANG_WARN_BLOCK_CAPTURE_AUTORELEASING = YES;
				CLANG_WARN_BOOL_CONVERSION = YES;
				CLANG_WARN_COMMA = YES;
				CLANG_WARN_CONSTANT_CONVERSION = YES;
				CLANG_WARN_DEPRECATED_OBJC_IMPLEMENTATIONS = YES;
				CLANG_WARN_DIRECT_OBJC_ISA_USAGE = YES_ERROR;
				CLANG_WARN_DOCUMENTATION_COMMENTS = YES;
				CLANG_WARN_EMPTY_BODY = YES;
				CLANG_WARN_ENUM_CONVERSION = YES;
				CLANG_WARN_INFINITE_RECURSION = YES;
				CLANG_WARN_INT_CONVERSION = YES;
				CLANG_WARN_NON_LITERAL_NULL_CONVERSION = YES;
				CLANG_WARN_OBJC_IMPLICIT_RETAIN_SELF = YES;
				CLANG_WARN_OBJC_LITERAL_CONVERSION = YES;
				CLANG_WARN_OBJC_ROOT_CLASS = YES_ERROR;
				CLANG_WARN_QUOTED_INCLUDE_IN_FRAMEWORK_HEADER = YES;
				CLANG_WARN_RANGE_LOOP_ANALYSIS = YES;
				CLANG_WARN_STRICT_PROTOTYPES = YES;
				CLANG_WARN_SUSPICIOUS_MOVE = YES;
				CLANG_WARN_UNGUARDED_AVAILABILITY = YES_AGGRESSIVE;
				CLANG_WARN_UNREACHABLE_CODE = YES;
				CLANG_WARN__DUPLICATE_METHOD_MATCH = YES;
				COPY_PHASE_STRIP = NO;
				DEBUG_INFORMATION_FORMAT = dwarf;
				ENABLE_STRICT_OBJC_MSGSEND = YES;
				ENABLE_TESTABILITY = YES;
				GCC_C_LANGUAGE_STANDARD = gnu11;
				GCC_DYNAMIC_NO_PIC = NO;
				GCC_NO_COMMON_BLOCKS = YES;
				GCC_OPTIMIZATION_LEVEL = 0;
				GCC_PREPROCESSOR_DEFINITIONS = (
					"DEBUG=1",
					"$(inherited)",
				);
				GCC_WARN_64_TO_32_BIT_CONVERSION = YES;
				GCC_WARN_ABOUT_RETURN_TYPE = YES_ERROR;
				GCC_WARN_UNDECLARED_SELECTOR = YES;
				GCC_WARN_UNINITIALIZED_AUTOS = YES_AGGRESSIVE;
				GCC_WARN_UNUSED_FUNCTION = YES;
				GCC_WARN_UNUSED_VARIABLE = YES;
				IPHONEOS_DEPLOYMENT_TARGET = 15.4;
				MTL_ENABLE_DEBUG_INFO = INCLUDE_SOURCE;
				MTL_FAST_MATH = YES;
				ONLY_ACTIVE_ARCH = YES;
				SDKROOT = iphoneos;
				SWIFT_ACTIVE_COMPILATION_CONDITIONS = DEBUG;
				SWIFT_OPTIMIZATION_LEVEL = "-Onone";
			};
			name = Debug;
		};
		74518A7B280B154F00DAC8E4 /* Release */ = {
			isa = XCBuildConfiguration;
			buildSettings = {
				ALWAYS_SEARCH_USER_PATHS = NO;
				CLANG_ANALYZER_NONNULL = YES;
				CLANG_ANALYZER_NUMBER_OBJECT_CONVERSION = YES_AGGRESSIVE;
				CLANG_CXX_LANGUAGE_STANDARD = "gnu++17";
				CLANG_ENABLE_MODULES = YES;
				CLANG_ENABLE_OBJC_ARC = YES;
				CLANG_ENABLE_OBJC_WEAK = YES;
				CLANG_WARN_BLOCK_CAPTURE_AUTORELEASING = YES;
				CLANG_WARN_BOOL_CONVERSION = YES;
				CLANG_WARN_COMMA = YES;
				CLANG_WARN_CONSTANT_CONVERSION = YES;
				CLANG_WARN_DEPRECATED_OBJC_IMPLEMENTATIONS = YES;
				CLANG_WARN_DIRECT_OBJC_ISA_USAGE = YES_ERROR;
				CLANG_WARN_DOCUMENTATION_COMMENTS = YES;
				CLANG_WARN_EMPTY_BODY = YES;
				CLANG_WARN_ENUM_CONVERSION = YES;
				CLANG_WARN_INFINITE_RECURSION = YES;
				CLANG_WARN_INT_CONVERSION = YES;
				CLANG_WARN_NON_LITERAL_NULL_CONVERSION = YES;
				CLANG_WARN_OBJC_IMPLICIT_RETAIN_SELF = YES;
				CLANG_WARN_OBJC_LITERAL_CONVERSION = YES;
				CLANG_WARN_OBJC_ROOT_CLASS = YES_ERROR;
				CLANG_WARN_QUOTED_INCLUDE_IN_FRAMEWORK_HEADER = YES;
				CLANG_WARN_RANGE_LOOP_ANALYSIS = YES;
				CLANG_WARN_STRICT_PROTOTYPES = YES;
				CLANG_WARN_SUSPICIOUS_MOVE = YES;
				CLANG_WARN_UNGUARDED_AVAILABILITY = YES_AGGRESSIVE;
				CLANG_WARN_UNREACHABLE_CODE = YES;
				CLANG_WARN__DUPLICATE_METHOD_MATCH = YES;
				COPY_PHASE_STRIP = NO;
				DEBUG_INFORMATION_FORMAT = "dwarf-with-dsym";
				ENABLE_NS_ASSERTIONS = NO;
				ENABLE_STRICT_OBJC_MSGSEND = YES;
				GCC_C_LANGUAGE_STANDARD = gnu11;
				GCC_NO_COMMON_BLOCKS = YES;
				GCC_WARN_64_TO_32_BIT_CONVERSION = YES;
				GCC_WARN_ABOUT_RETURN_TYPE = YES_ERROR;
				GCC_WARN_UNDECLARED_SELECTOR = YES;
				GCC_WARN_UNINITIALIZED_AUTOS = YES_AGGRESSIVE;
				GCC_WARN_UNUSED_FUNCTION = YES;
				GCC_WARN_UNUSED_VARIABLE = YES;
				IPHONEOS_DEPLOYMENT_TARGET = 15.4;
				MTL_ENABLE_DEBUG_INFO = NO;
				MTL_FAST_MATH = YES;
				SDKROOT = iphoneos;
				SWIFT_COMPILATION_MODE = wholemodule;
				SWIFT_OPTIMIZATION_LEVEL = "-O";
				VALIDATE_PRODUCT = YES;
			};
			name = Release;
		};
		74518A7D280B154F00DAC8E4 /* Debug */ = {
			isa = XCBuildConfiguration;
			buildSettings = {
				ASSETCATALOG_COMPILER_APPICON_NAME = AppIcon;
				ASSETCATALOG_COMPILER_GLOBAL_ACCENT_COLOR_NAME = AccentColor;
				CODE_SIGN_STYLE = Automatic;
				CURRENT_PROJECT_VERSION = 1;
				DEVELOPMENT_ASSET_PATHS = "\"WordleBot/Preview Content\"";
				DEVELOPMENT_TEAM = FB5P25TJ32;
				ENABLE_PREVIEWS = YES;
				GENERATE_INFOPLIST_FILE = YES;
				INFOPLIST_KEY_UIApplicationSceneManifest_Generation = YES;
				INFOPLIST_KEY_UIApplicationSupportsIndirectInputEvents = YES;
				INFOPLIST_KEY_UILaunchScreen_Generation = YES;
				INFOPLIST_KEY_UISupportedInterfaceOrientations_iPad = "UIInterfaceOrientationPortrait UIInterfaceOrientationPortraitUpsideDown UIInterfaceOrientationLandscapeLeft UIInterfaceOrientationLandscapeRight";
				INFOPLIST_KEY_UISupportedInterfaceOrientations_iPhone = "UIInterfaceOrientationPortrait UIInterfaceOrientationLandscapeLeft UIInterfaceOrientationLandscapeRight";
				LD_RUNPATH_SEARCH_PATHS = (
					"$(inherited)",
					"@executable_path/Frameworks",
				);
				MARKETING_VERSION = 1.0;
				PRODUCT_BUNDLE_IDENTIFIER = com.joelhuber.WordleBot;
				PRODUCT_NAME = "$(TARGET_NAME)";
				SWIFT_EMIT_LOC_STRINGS = YES;
				SWIFT_VERSION = 5.0;
				TARGETED_DEVICE_FAMILY = "1,2";
			};
			name = Debug;
		};
		74518A7E280B154F00DAC8E4 /* Release */ = {
			isa = XCBuildConfiguration;
			buildSettings = {
				ASSETCATALOG_COMPILER_APPICON_NAME = AppIcon;
				ASSETCATALOG_COMPILER_GLOBAL_ACCENT_COLOR_NAME = AccentColor;
				CODE_SIGN_STYLE = Automatic;
				CURRENT_PROJECT_VERSION = 1;
				DEVELOPMENT_ASSET_PATHS = "\"WordleBot/Preview Content\"";
				DEVELOPMENT_TEAM = FB5P25TJ32;
				ENABLE_PREVIEWS = YES;
				GENERATE_INFOPLIST_FILE = YES;
				INFOPLIST_KEY_UIApplicationSceneManifest_Generation = YES;
				INFOPLIST_KEY_UIApplicationSupportsIndirectInputEvents = YES;
				INFOPLIST_KEY_UILaunchScreen_Generation = YES;
				INFOPLIST_KEY_UISupportedInterfaceOrientations_iPad = "UIInterfaceOrientationPortrait UIInterfaceOrientationPortraitUpsideDown UIInterfaceOrientationLandscapeLeft UIInterfaceOrientationLandscapeRight";
				INFOPLIST_KEY_UISupportedInterfaceOrientations_iPhone = "UIInterfaceOrientationPortrait UIInterfaceOrientationLandscapeLeft UIInterfaceOrientationLandscapeRight";
				LD_RUNPATH_SEARCH_PATHS = (
					"$(inherited)",
					"@executable_path/Frameworks",
				);
				MARKETING_VERSION = 1.0;
				PRODUCT_BUNDLE_IDENTIFIER = com.joelhuber.WordleBot;
				PRODUCT_NAME = "$(TARGET_NAME)";
				SWIFT_EMIT_LOC_STRINGS = YES;
				SWIFT_VERSION = 5.0;
				TARGETED_DEVICE_FAMILY = "1,2";
			};
			name = Release;
		};
/* End XCBuildConfiguration section */

/* Begin XCConfigurationList section */
		74518A69280B154E00DAC8E4 /* Build configuration list for PBXProject "WordleBot" */ = {
			isa = XCConfigurationList;
			buildConfigurations = (
				74518A7A280B154F00DAC8E4 /* Debug */,
				74518A7B280B154F00DAC8E4 /* Release */,
			);
			defaultConfigurationIsVisible = 0;
			defaultConfigurationName = Release;
		};
		74518A7C280B154F00DAC8E4 /* Build configuration list for PBXNativeTarget "WordleBot" */ = {
			isa = XCConfigurationList;
			buildConfigurations = (
				74518A7D280B154F00DAC8E4 /* Debug */,
				74518A7E280B154F00DAC8E4 /* Release */,
			);
			defaultConfigurationIsVisible = 0;
			defaultConfigurationName = Release;
		};
/* End XCConfigurationList section */
	};
	rootObject = 74518A66280B154E00DAC8E4 /* Project object */;
}
