// !$*UTF8*$!
{
	archiveVersion = 1;
	classes = {
	};
	objectVersion = 55;
	objects = {

/* Begin PBXBuildFile section */
		7476A1FC27E50E12003BC76B /* SwiftImage in Frameworks */ = {isa = PBXBuildFile; productRef = 7476A1FB27E50E12003BC76B /* SwiftImage */; };
		7476A1FE27E51009003BC76B /* ImageProcessor.swift in Sources */ = {isa = PBXBuildFile; fileRef = 7476A1FD27E51009003BC76B /* ImageProcessor.swift */; };
		7476A20027E51C6D003BC76B /* ImageProcessorViewModel.swift in Sources */ = {isa = PBXBuildFile; fileRef = 7476A1FF27E51C6D003BC76B /* ImageProcessorViewModel.swift */; };
		74B66CCE27FB8DDF00F3C724 /* quordle57_tweets.json in Resources */ = {isa = PBXBuildFile; fileRef = 74B66CCD27FB8DDF00F3C724 /* quordle57_tweets.json */; };
		74F94A0B27E50D17004F64F8 /* WordleParserApp.swift in Sources */ = {isa = PBXBuildFile; fileRef = 74F94A0A27E50D17004F64F8 /* WordleParserApp.swift */; };
		74F94A0D27E50D17004F64F8 /* ContentView.swift in Sources */ = {isa = PBXBuildFile; fileRef = 74F94A0C27E50D17004F64F8 /* ContentView.swift */; };
		74F94A0F27E50D17004F64F8 /* Assets.xcassets in Resources */ = {isa = PBXBuildFile; fileRef = 74F94A0E27E50D17004F64F8 /* Assets.xcassets */; };
		74F94A1227E50D17004F64F8 /* Preview Assets.xcassets in Resources */ = {isa = PBXBuildFile; fileRef = 74F94A1127E50D17004F64F8 /* Preview Assets.xcassets */; };
/* End PBXBuildFile section */

/* Begin PBXFileReference section */
		7476A1F927E50DAF003BC76B /* swift-image-master */ = {isa = PBXFileReference; lastKnownFileType = wrapper; name = "swift-image-master"; path = "WordleParser/swift-image-master"; sourceTree = "<group>"; };
		7476A1FD27E51009003BC76B /* ImageProcessor.swift */ = {isa = PBXFileReference; lastKnownFileType = sourcecode.swift; path = ImageProcessor.swift; sourceTree = "<group>"; };
		7476A1FF27E51C6D003BC76B /* ImageProcessorViewModel.swift */ = {isa = PBXFileReference; lastKnownFileType = sourcecode.swift; path = ImageProcessorViewModel.swift; sourceTree = "<group>"; };
		74B66CCD27FB8DDF00F3C724 /* quordle57_tweets.json */ = {isa = PBXFileReference; fileEncoding = 4; lastKnownFileType = text.json; path = quordle57_tweets.json; sourceTree = "<group>"; };
		74F94A0727E50D17004F64F8 /* WordleParser.app */ = {isa = PBXFileReference; explicitFileType = wrapper.application; includeInIndex = 0; path = WordleParser.app; sourceTree = BUILT_PRODUCTS_DIR; };
		74F94A0A27E50D17004F64F8 /* WordleParserApp.swift */ = {isa = PBXFileReference; lastKnownFileType = sourcecode.swift; path = WordleParserApp.swift; sourceTree = "<group>"; };
		74F94A0C27E50D17004F64F8 /* ContentView.swift */ = {isa = PBXFileReference; lastKnownFileType = sourcecode.swift; path = ContentView.swift; sourceTree = "<group>"; };
		74F94A0E27E50D17004F64F8 /* Assets.xcassets */ = {isa = PBXFileReference; lastKnownFileType = folder.assetcatalog; path = Assets.xcassets; sourceTree = "<group>"; };
		74F94A1127E50D17004F64F8 /* Preview Assets.xcassets */ = {isa = PBXFileReference; lastKnownFileType = folder.assetcatalog; path = "Preview Assets.xcassets"; sourceTree = "<group>"; };
/* End PBXFileReference section */

/* Begin PBXFrameworksBuildPhase section */
		74F94A0427E50D17004F64F8 /* Frameworks */ = {
			isa = PBXFrameworksBuildPhase;
			buildActionMask = 2147483647;
			files = (
				7476A1FC27E50E12003BC76B /* SwiftImage in Frameworks */,
			);
			runOnlyForDeploymentPostprocessing = 0;
		};
/* End PBXFrameworksBuildPhase section */

/* Begin PBXGroup section */
		7476A1F827E50DAF003BC76B /* Packages */ = {
			isa = PBXGroup;
			children = (
				7476A1F927E50DAF003BC76B /* swift-image-master */,
			);
			name = Packages;
			sourceTree = "<group>";
		};
		7476A1FA27E50E12003BC76B /* Frameworks */ = {
			isa = PBXGroup;
			children = (
			);
			name = Frameworks;
			sourceTree = "<group>";
		};
		74F949FE27E50D16004F64F8 = {
			isa = PBXGroup;
			children = (
				7476A1F827E50DAF003BC76B /* Packages */,
				74F94A0927E50D17004F64F8 /* WordleParser */,
				74F94A0827E50D17004F64F8 /* Products */,
				7476A1FA27E50E12003BC76B /* Frameworks */,
			);
			sourceTree = "<group>";
		};
		74F94A0827E50D17004F64F8 /* Products */ = {
			isa = PBXGroup;
			children = (
				74F94A0727E50D17004F64F8 /* WordleParser.app */,
			);
			name = Products;
			sourceTree = "<group>";
		};
		74F94A0927E50D17004F64F8 /* WordleParser */ = {
			isa = PBXGroup;
			children = (
				74F94A0A27E50D17004F64F8 /* WordleParserApp.swift */,
				74F94A0C27E50D17004F64F8 /* ContentView.swift */,
				7476A1FF27E51C6D003BC76B /* ImageProcessorViewModel.swift */,
				7476A1FD27E51009003BC76B /* ImageProcessor.swift */,
				74B66CCD27FB8DDF00F3C724 /* quordle57_tweets.json */,
				74F94A0E27E50D17004F64F8 /* Assets.xcassets */,
				74F94A1027E50D17004F64F8 /* Preview Content */,
			);
			path = WordleParser;
			sourceTree = "<group>";
		};
		74F94A1027E50D17004F64F8 /* Preview Content */ = {
			isa = PBXGroup;
			children = (
				74F94A1127E50D17004F64F8 /* Preview Assets.xcassets */,
			);
			path = "Preview Content";
			sourceTree = "<group>";
		};
/* End PBXGroup section */

/* Begin PBXNativeTarget section */
		74F94A0627E50D17004F64F8 /* WordleParser */ = {
			isa = PBXNativeTarget;
			buildConfigurationList = 74F94A1527E50D17004F64F8 /* Build configuration list for PBXNativeTarget "WordleParser" */;
			buildPhases = (
				74F94A0327E50D17004F64F8 /* Sources */,
				74F94A0427E50D17004F64F8 /* Frameworks */,
				74F94A0527E50D17004F64F8 /* Resources */,
			);
			buildRules = (
			);
			dependencies = (
			);
			name = WordleParser;
			packageProductDependencies = (
				7476A1FB27E50E12003BC76B /* SwiftImage */,
			);
			productName = WordleParser;
			productReference = 74F94A0727E50D17004F64F8 /* WordleParser.app */;
			productType = "com.apple.product-type.application";
		};
/* End PBXNativeTarget section */

/* Begin PBXProject section */
		74F949FF27E50D16004F64F8 /* Project object */ = {
			isa = PBXProject;
			attributes = {
				BuildIndependentTargetsInParallel = 1;
				LastSwiftUpdateCheck = 1320;
				LastUpgradeCheck = 1320;
				TargetAttributes = {
					74F94A0627E50D17004F64F8 = {
						CreatedOnToolsVersion = 13.2.1;
					};
				};
			};
			buildConfigurationList = 74F94A0227E50D16004F64F8 /* Build configuration list for PBXProject "WordleParser" */;
			compatibilityVersion = "Xcode 13.0";
			developmentRegion = en;
			hasScannedForEncodings = 0;
			knownRegions = (
				en,
				Base,
			);
			mainGroup = 74F949FE27E50D16004F64F8;
			productRefGroup = 74F94A0827E50D17004F64F8 /* Products */;
			projectDirPath = "";
			projectRoot = "";
			targets = (
				74F94A0627E50D17004F64F8 /* WordleParser */,
			);
		};
/* End PBXProject section */

/* Begin PBXResourcesBuildPhase section */
		74F94A0527E50D17004F64F8 /* Resources */ = {
			isa = PBXResourcesBuildPhase;
			buildActionMask = 2147483647;
			files = (
				74F94A1227E50D17004F64F8 /* Preview Assets.xcassets in Resources */,
				74F94A0F27E50D17004F64F8 /* Assets.xcassets in Resources */,
				74B66CCE27FB8DDF00F3C724 /* quordle57_tweets.json in Resources */,
			);
			runOnlyForDeploymentPostprocessing = 0;
		};
/* End PBXResourcesBuildPhase section */

/* Begin PBXSourcesBuildPhase section */
		74F94A0327E50D17004F64F8 /* Sources */ = {
			isa = PBXSourcesBuildPhase;
			buildActionMask = 2147483647;
			files = (
				74F94A0D27E50D17004F64F8 /* ContentView.swift in Sources */,
				7476A1FE27E51009003BC76B /* ImageProcessor.swift in Sources */,
				74F94A0B27E50D17004F64F8 /* WordleParserApp.swift in Sources */,
				7476A20027E51C6D003BC76B /* ImageProcessorViewModel.swift in Sources */,
			);
			runOnlyForDeploymentPostprocessing = 0;
		};
/* End PBXSourcesBuildPhase section */

/* Begin XCBuildConfiguration section */
		74F94A1327E50D17004F64F8 /* Debug */ = {
			isa = XCBuildConfiguration;
			buildSettings = {
				ALWAYS_SEARCH_USER_PATHS = NO;
				CLANG_ANALYZER_NONNULL = YES;
				CLANG_ANALYZER_NUMBER_OBJECT_CONVERSION = YES_AGGRESSIVE;
				CLANG_CXX_LANGUAGE_STANDARD = "gnu++17";
				CLANG_CXX_LIBRARY = "libc++";
				CLANG_ENABLE_MODULES = YES;
				CLANG_ENABLE_OBJC_ARC = YES;
				CLANG_ENABLE_OBJC_WEAK = YES;
				CLANG_WARN_BLOCK_CAPTURE_AUTORELEASING = YES;
				CLANG_WARN_BOOL_CONVERSION = YES;
				CLANG_WARN_COMMA = YES;
				CLANG_WARN_CONSTANT_CONVERSION = YES;
				CLANG_WARN_DEPRECATED_OBJC_IMPLEMENTATIONS = YES;
				CLANG_WARN_DIRECT_OBJC_ISA_USAGE = YES_ERROR;
				CLANG_WARN_DOCUMENTATION_COMMENTS = YES;
				CLANG_WARN_EMPTY_BODY = YES;
				CLANG_WARN_ENUM_CONVERSION = YES;
				CLANG_WARN_INFINITE_RECURSION = YES;
				CLANG_WARN_INT_CONVERSION = YES;
				CLANG_WARN_NON_LITERAL_NULL_CONVERSION = YES;
				CLANG_WARN_OBJC_IMPLICIT_RETAIN_SELF = YES;
				CLANG_WARN_OBJC_LITERAL_CONVERSION = YES;
				CLANG_WARN_OBJC_ROOT_CLASS = YES_ERROR;
				CLANG_WARN_QUOTED_INCLUDE_IN_FRAMEWORK_HEADER = YES;
				CLANG_WARN_RANGE_LOOP_ANALYSIS = YES;
				CLANG_WARN_STRICT_PROTOTYPES = YES;
				CLANG_WARN_SUSPICIOUS_MOVE = YES;
				CLANG_WARN_UNGUARDED_AVAILABILITY = YES_AGGRESSIVE;
				CLANG_WARN_UNREACHABLE_CODE = YES;
				CLANG_WARN__DUPLICATE_METHOD_MATCH = YES;
				COPY_PHASE_STRIP = NO;
				DEBUG_INFORMATION_FORMAT = dwarf;
				ENABLE_STRICT_OBJC_MSGSEND = YES;
				ENABLE_TESTABILITY = YES;
				GCC_C_LANGUAGE_STANDARD = gnu11;
				GCC_DYNAMIC_NO_PIC = NO;
				GCC_NO_COMMON_BLOCKS = YES;
				GCC_OPTIMIZATION_LEVEL = 0;
				GCC_PREPROCESSOR_DEFINITIONS = (
					"DEBUG=1",
					"$(inherited)",
				);
				GCC_WARN_64_TO_32_BIT_CONVERSION = YES;
				GCC_WARN_ABOUT_RETURN_TYPE = YES_ERROR;
				GCC_WARN_UNDECLARED_SELECTOR = YES;
				GCC_WARN_UNINITIALIZED_AUTOS = YES_AGGRESSIVE;
				GCC_WARN_UNUSED_FUNCTION = YES;
				GCC_WARN_UNUSED_VARIABLE = YES;
				IPHONEOS_DEPLOYMENT_TARGET = 15.2;
				MTL_ENABLE_DEBUG_INFO = INCLUDE_SOURCE;
				MTL_FAST_MATH = YES;
				ONLY_ACTIVE_ARCH = YES;
				SDKROOT = iphoneos;
				SWIFT_ACTIVE_COMPILATION_CONDITIONS = DEBUG;
				SWIFT_OPTIMIZATION_LEVEL = "-Onone";
			};
			name = Debug;
		};
		74F94A1427E50D17004F64F8 /* Release */ = {
			isa = XCBuildConfiguration;
			buildSettings = {
				ALWAYS_SEARCH_USER_PATHS = NO;
				CLANG_ANALYZER_NONNULL = YES;
				CLANG_ANALYZER_NUMBER_OBJECT_CONVERSION = YES_AGGRESSIVE;
				CLANG_CXX_LANGUAGE_STANDARD = "gnu++17";
				CLANG_CXX_LIBRARY = "libc++";
				CLANG_ENABLE_MODULES = YES;
				CLANG_ENABLE_OBJC_ARC = YES;
				CLANG_ENABLE_OBJC_WEAK = YES;
				CLANG_WARN_BLOCK_CAPTURE_AUTORELEASING = YES;
				CLANG_WARN_BOOL_CONVERSION = YES;
				CLANG_WARN_COMMA = YES;
				CLANG_WARN_CONSTANT_CONVERSION = YES;
				CLANG_WARN_DEPRECATED_OBJC_IMPLEMENTATIONS = YES;
				CLANG_WARN_DIRECT_OBJC_ISA_USAGE = YES_ERROR;
				CLANG_WARN_DOCUMENTATION_COMMENTS = YES;
				CLANG_WARN_EMPTY_BODY = YES;
				CLANG_WARN_ENUM_CONVERSION = YES;
				CLANG_WARN_INFINITE_RECURSION = YES;
				CLANG_WARN_INT_CONVERSION = YES;
				CLANG_WARN_NON_LITERAL_NULL_CONVERSION = YES;
				CLANG_WARN_OBJC_IMPLICIT_RETAIN_SELF = YES;
				CLANG_WARN_OBJC_LITERAL_CONVERSION = YES;
				CLANG_WARN_OBJC_ROOT_CLASS = YES_ERROR;
				CLANG_WARN_QUOTED_INCLUDE_IN_FRAMEWORK_HEADER = YES;
				CLANG_WARN_RANGE_LOOP_ANALYSIS = YES;
				CLANG_WARN_STRICT_PROTOTYPES = YES;
				CLANG_WARN_SUSPICIOUS_MOVE = YES;
				CLANG_WARN_UNGUARDED_AVAILABILITY = YES_AGGRESSIVE;
				CLANG_WARN_UNREACHABLE_CODE = YES;
				CLANG_WARN__DUPLICATE_METHOD_MATCH = YES;
				COPY_PHASE_STRIP = NO;
				DEBUG_INFORMATION_FORMAT = "dwarf-with-dsym";
				ENABLE_NS_ASSERTIONS = NO;
				ENABLE_STRICT_OBJC_MSGSEND = YES;
				GCC_C_LANGUAGE_STANDARD = gnu11;
				GCC_NO_COMMON_BLOCKS = YES;
				GCC_WARN_64_TO_32_BIT_CONVERSION = YES;
				GCC_WARN_ABOUT_RETURN_TYPE = YES_ERROR;
				GCC_WARN_UNDECLARED_SELECTOR = YES;
				GCC_WARN_UNINITIALIZED_AUTOS = YES_AGGRESSIVE;
				GCC_WARN_UNUSED_FUNCTION = YES;
				GCC_WARN_UNUSED_VARIABLE = YES;
				IPHONEOS_DEPLOYMENT_TARGET = 15.2;
				MTL_ENABLE_DEBUG_INFO = NO;
				MTL_FAST_MATH = YES;
				SDKROOT = iphoneos;
				SWIFT_COMPILATION_MODE = wholemodule;
				SWIFT_OPTIMIZATION_LEVEL = "-O";
				VALIDATE_PRODUCT = YES;
			};
			name = Release;
		};
		74F94A1627E50D17004F64F8 /* Debug */ = {
			isa = XCBuildConfiguration;
			buildSettings = {
				ASSETCATALOG_COMPILER_APPICON_NAME = AppIcon;
				ASSETCATALOG_COMPILER_GLOBAL_ACCENT_COLOR_NAME = AccentColor;
				CODE_SIGN_STYLE = Automatic;
				CURRENT_PROJECT_VERSION = 1;
				DEVELOPMENT_ASSET_PATHS = "\"WordleParser/Preview Content\"";
				DEVELOPMENT_TEAM = FB5P25TJ32;
				ENABLE_PREVIEWS = YES;
				GENERATE_INFOPLIST_FILE = YES;
				INFOPLIST_KEY_UIApplicationSceneManifest_Generation = YES;
				INFOPLIST_KEY_UIApplicationSupportsIndirectInputEvents = YES;
				INFOPLIST_KEY_UILaunchScreen_Generation = YES;
				INFOPLIST_KEY_UISupportedInterfaceOrientations_iPad = "UIInterfaceOrientationPortrait UIInterfaceOrientationPortraitUpsideDown UIInterfaceOrientationLandscapeLeft UIInterfaceOrientationLandscapeRight";
				INFOPLIST_KEY_UISupportedInterfaceOrientations_iPhone = "UIInterfaceOrientationPortrait UIInterfaceOrientationLandscapeLeft UIInterfaceOrientationLandscapeRight";
				LD_RUNPATH_SEARCH_PATHS = (
					"$(inherited)",
					"@executable_path/Frameworks",
				);
				MARKETING_VERSION = 1.0;
				PRODUCT_BUNDLE_IDENTIFIER = com.joelhuber.WordleParser;
				PRODUCT_NAME = "$(TARGET_NAME)";
				SWIFT_EMIT_LOC_STRINGS = YES;
				SWIFT_VERSION = 5.0;
				TARGETED_DEVICE_FAMILY = "1,2";
			};
			name = Debug;
		};
		74F94A1727E50D17004F64F8 /* Release */ = {
			isa = XCBuildConfiguration;
			buildSettings = {
				ASSETCATALOG_COMPILER_APPICON_NAME = AppIcon;
				ASSETCATALOG_COMPILER_GLOBAL_ACCENT_COLOR_NAME = AccentColor;
				CODE_SIGN_STYLE = Automatic;
				CURRENT_PROJECT_VERSION = 1;
				DEVELOPMENT_ASSET_PATHS = "\"WordleParser/Preview Content\"";
				DEVELOPMENT_TEAM = FB5P25TJ32;
				ENABLE_PREVIEWS = YES;
				GENERATE_INFOPLIST_FILE = YES;
				INFOPLIST_KEY_UIApplicationSceneManifest_Generation = YES;
				INFOPLIST_KEY_UIApplicationSupportsIndirectInputEvents = YES;
				INFOPLIST_KEY_UILaunchScreen_Generation = YES;
				INFOPLIST_KEY_UISupportedInterfaceOrientations_iPad = "UIInterfaceOrientationPortrait UIInterfaceOrientationPortraitUpsideDown UIInterfaceOrientationLandscapeLeft UIInterfaceOrientationLandscapeRight";
				INFOPLIST_KEY_UISupportedInterfaceOrientations_iPhone = "UIInterfaceOrientationPortrait UIInterfaceOrientationLandscapeLeft UIInterfaceOrientationLandscapeRight";
				LD_RUNPATH_SEARCH_PATHS = (
					"$(inherited)",
					"@executable_path/Frameworks",
				);
				MARKETING_VERSION = 1.0;
				PRODUCT_BUNDLE_IDENTIFIER = com.joelhuber.WordleParser;
				PRODUCT_NAME = "$(TARGET_NAME)";
				SWIFT_EMIT_LOC_STRINGS = YES;
				SWIFT_VERSION = 5.0;
				TARGETED_DEVICE_FAMILY = "1,2";
			};
			name = Release;
		};
/* End XCBuildConfiguration section */

/* Begin XCConfigurationList section */
		74F94A0227E50D16004F64F8 /* Build configuration list for PBXProject "WordleParser" */ = {
			isa = XCConfigurationList;
			buildConfigurations = (
				74F94A1327E50D17004F64F8 /* Debug */,
				74F94A1427E50D17004F64F8 /* Release */,
			);
			defaultConfigurationIsVisible = 0;
			defaultConfigurationName = Release;
		};
		74F94A1527E50D17004F64F8 /* Build configuration list for PBXNativeTarget "WordleParser" */ = {
			isa = XCConfigurationList;
			buildConfigurations = (
				74F94A1627E50D17004F64F8 /* Debug */,
				74F94A1727E50D17004F64F8 /* Release */,
			);
			defaultConfigurationIsVisible = 0;
			defaultConfigurationName = Release;
		};
/* End XCConfigurationList section */

/* Begin XCSwiftPackageProductDependency section */
		7476A1FB27E50E12003BC76B /* SwiftImage */ = {
			isa = XCSwiftPackageProductDependency;
			productName = SwiftImage;
		};
/* End XCSwiftPackageProductDependency section */
	};
	rootObject = 74F949FF27E50D16004F64F8 /* Project object */;
}
